
Microsoft Visual Studio Solution File, Format Version 12.00
# Visual Studio Version 17
VisualStudioVersion = 17.1.32319.34
MinimumVisualStudioVersion = 10.0.40219.1
Project("{FAE04EC0-301F-11D3-BF4B-00C04F79EFBC}") = "ACtiveone", "ACtiveone\ACtiveone.csproj", "{AE606980-E7EE-454E-B775-945E93764729}"
EndProject
Global
	GlobalSection(SolutionConfigurationPlatforms) = preSolution
		Debug|Any CPU = Debug|Any CPU
		Release|Any CPU = Release|Any CPU
	EndGlobalSection
	GlobalSection(ProjectConfigurationPlatforms) = postSolution
		{AE606980-E7EE-454E-B775-945E93764729}.Debug|Any CPU.ActiveCfg = Debug|Any CPU
		{AE606980-E7EE-454E-B775-945E93764729}.Debug|Any CPU.Build.0 = Debug|Any CPU
		{AE606980-E7EE-454E-B775-945E93764729}.Release|Any CPU.ActiveCfg = Release|Any CPU
		{AE606980-E7EE-454E-B775-945E93764729}.Release|Any CPU.Build.0 = Release|Any CPU
	EndGlobalSection
	GlobalSection(SolutionProperties) = preSolution
		HideSolutionNode = FALSE
	EndGlobalSection
	GlobalSection(ExtensibilityGlobals) = postSolution
		SolutionGuid = {CDA2DB79-9BDB-490D-AE1C-8D6B5DB3EC1E}
	EndGlobalSection
EndGlobal
